{
    "version": 3,
    "terraform_version": "0.11.10",
    "serial": 4,
    "lineage": "74bacc26-68d8-5e56-4356-4b0c3fff948b",
    "modules": [
        {
            "path": [
                "root"
            ],
            "outputs": {},
            "resources": {
                "aws_instance.Dev_Build_TEST01": {
                    "type": "aws_instance",
                    "depends_on": [],
                    "primary": {
                        "id": "i-04426adf634cfe819",
                        "attributes": {
                            "ami": "ami-0e28ec6753aeec976",
                            "arn": "arn:aws:ec2:us-east-2:361027624568:instance/i-04426adf634cfe819",
                            "associate_public_ip_address": "true",
                            "availability_zone": "us-east-2c",
                            "cpu_core_count": "1",
                            "cpu_threads_per_core": "1",
                            "credit_specification.#": "1",
                            "credit_specification.0.cpu_credits": "standard",
                            "disable_api_termination": "false",
                            "ebs_block_device.#": "0",
                            "ebs_optimized": "false",
                            "ephemeral_block_device.#": "0",
                            "get_password_data": "false",
                            "iam_instance_profile": "",
                            "id": "i-04426adf634cfe819",
                            "instance_state": "running",
                            "instance_type": "t2.micro",
                            "ipv6_addresses.#": "0",
                            "key_name": "TECHDEN_KEY",
                            "monitoring": "false",
                            "network_interface.#": "0",
                            "network_interface_id": "eni-07f7eed817f112f8f",
                            "password_data": "",
                            "placement_group": "",
                            "primary_network_interface_id": "eni-07f7eed817f112f8f",
                            "private_dns": "ip-172-31-33-22.us-east-2.compute.internal",
                            "private_ip": "172.31.33.22",
                            "public_dns": "ec2-3-16-31-227.us-east-2.compute.amazonaws.com",
                            "public_ip": "3.16.31.227",
                            "root_block_device.#": "1",
                            "root_block_device.0.delete_on_termination": "true",
                            "root_block_device.0.iops": "135",
                            "root_block_device.0.volume_id": "vol-010c03d7f19b88e97",
                            "root_block_device.0.volume_size": "45",
                            "root_block_device.0.volume_type": "gp2",
                            "security_groups.#": "1",
                            "security_groups.3814588639": "default",
                            "source_dest_check": "true",
                            "subnet_id": "subnet-85f032c9",
                            "tags.%": "2",
                            "tags.Name": "DEV_BUILD_TEST01",
                            "tags.Use": "TestServer01",
                            "tenancy": "default",
                            "volume_tags.%": "0",
                            "vpc_security_group_ids.#": "1",
                            "vpc_security_group_ids.2600925646": "sg-3525dd59"
                        },
                        "meta": {
                            "e2bfb730-ecaa-11e6-8f88-34363bc7c4c0": {
                                "create": 600000000000,
                                "delete": 1200000000000,
                                "update": 600000000000
                            },
                            "schema_version": "1"
                        },
                        "tainted": false
                    },
                    "deposed": [],
                    "provider": "provider.aws"
                },
                "aws_instance.Dev_Build_TEST02": {
                    "type": "aws_instance",
                    "depends_on": [],
                    "primary": {
                        "id": "i-027eb0d69ad5043d6",
                        "attributes": {
                            "ami": "ami-0e28ec6753aeec976",
                            "arn": "arn:aws:ec2:us-east-2:361027624568:instance/i-027eb0d69ad5043d6",
                            "associate_public_ip_address": "true",
                            "availability_zone": "us-east-2c",
                            "cpu_core_count": "1",
                            "cpu_threads_per_core": "1",
                            "credit_specification.#": "1",
                            "credit_specification.0.cpu_credits": "standard",
                            "disable_api_termination": "false",
                            "ebs_block_device.#": "0",
                            "ebs_optimized": "false",
                            "ephemeral_block_device.#": "0",
                            "get_password_data": "false",
                            "iam_instance_profile": "",
                            "id": "i-027eb0d69ad5043d6",
                            "instance_state": "running",
                            "instance_type": "t2.micro",
                            "ipv6_addresses.#": "0",
                            "key_name": "TECHDEN_KEY",
                            "monitoring": "false",
                            "network_interface.#": "0",
                            "network_interface_id": "eni-0f39f605253334b82",
                            "password_data": "",
                            "placement_group": "",
                            "primary_network_interface_id": "eni-0f39f605253334b82",
                            "private_dns": "ip-172-31-42-80.us-east-2.compute.internal",
                            "private_ip": "172.31.42.80",
                            "public_dns": "ec2-18-188-2-207.us-east-2.compute.amazonaws.com",
                            "public_ip": "18.188.2.207",
                            "root_block_device.#": "1",
                            "root_block_device.0.delete_on_termination": "true",
                            "root_block_device.0.iops": "135",
                            "root_block_device.0.volume_id": "vol-09ef91245a94e369d",
                            "root_block_device.0.volume_size": "45",
                            "root_block_device.0.volume_type": "gp2",
                            "security_groups.#": "1",
                            "security_groups.3814588639": "default",
                            "source_dest_check": "true",
                            "subnet_id": "subnet-85f032c9",
                            "tags.%": "2",
                            "tags.Name": "DEV_BUILD_TEST02",
                            "tags.Use": "TestServer02",
                            "tenancy": "default",
                            "volume_tags.%": "0",
                            "vpc_security_group_ids.#": "1",
                            "vpc_security_group_ids.2600925646": "sg-3525dd59"
                        },
                        "meta": {
                            "e2bfb730-ecaa-11e6-8f88-34363bc7c4c0": {
                                "create": 600000000000,
                                "delete": 1200000000000,
                                "update": 600000000000
                            },
                            "schema_version": "1"
                        },
                        "tainted": false
                    },
                    "deposed": [],
                    "provider": "provider.aws"
                }
            },
            "depends_on": []
        }
    ]
}
