{
    "version": 3,
    "terraform_version": "0.11.10",
    "serial": 28,
    "lineage": "74bacc26-68d8-5e56-4356-4b0c3fff948b",
    "modules": [
        {
            "path": [
                "root"
            ],
            "outputs": {
                "ip": {
                    "sensitive": false,
                    "type": "list",
                    "value": [
                        "18.217.127.113",
                        "18.191.178.115",
                        "13.58.26.57"
                    ]
                }
            },
            "resources": {
                "aws_instance.Test_.0": {
                    "type": "aws_instance",
                    "depends_on": [
                        "aws_security_group.win16-sg",
                        "aws_subnet.subnet1"
                    ],
                    "primary": {
                        "id": "i-029527040a3538396",
                        "attributes": {
                            "ami": "ami-028779930ada5200c",
                            "arn": "arn:aws:ec2:us-east-2:140013795745:instance/i-029527040a3538396",
                            "associate_public_ip_address": "true",
                            "availability_zone": "us-east-2a",
                            "cpu_core_count": "1",
                            "cpu_threads_per_core": "1",
                            "credit_specification.#": "1",
                            "credit_specification.0.cpu_credits": "standard",
                            "disable_api_termination": "false",
                            "ebs_block_device.#": "0",
                            "ebs_optimized": "false",
                            "ephemeral_block_device.#": "0",
                            "get_password_data": "false",
                            "iam_instance_profile": "",
                            "id": "i-029527040a3538396",
                            "instance_state": "running",
                            "instance_type": "t2.micro",
                            "ipv6_addresses.#": "0",
                            "key_name": "AWS_2016_Buildv1",
                            "monitoring": "false",
                            "network_interface.#": "0",
                            "network_interface_id": "eni-08b04b493e8c75847",
                            "password_data": "",
                            "placement_group": "",
                            "primary_network_interface_id": "eni-08b04b493e8c75847",
                            "private_dns": "ip-10-199-0-122.us-east-2.compute.internal",
                            "private_ip": "10.199.0.122",
                            "public_dns": "ec2-18-217-127-113.us-east-2.compute.amazonaws.com",
                            "public_ip": "18.217.127.113",
                            "root_block_device.#": "1",
                            "root_block_device.0.delete_on_termination": "true",
                            "root_block_device.0.iops": "100",
                            "root_block_device.0.volume_id": "vol-0650de56b5e96e784",
                            "root_block_device.0.volume_size": "30",
                            "root_block_device.0.volume_type": "gp2",
                            "security_groups.#": "0",
                            "source_dest_check": "true",
                            "subnet_id": "subnet-0fe38228e22d458dd",
                            "tags.%": "1",
                            "tags.Name": "test-1",
                            "tenancy": "default",
                            "volume_tags.%": "0",
                            "vpc_security_group_ids.#": "1",
                            "vpc_security_group_ids.737827089": "sg-0829ab0ac4ed76686"
                        },
                        "meta": {
                            "e2bfb730-ecaa-11e6-8f88-34363bc7c4c0": {
                                "create": 600000000000,
                                "delete": 1200000000000,
                                "update": 600000000000
                            },
                            "schema_version": "1"
                        },
                        "tainted": false
                    },
                    "deposed": [],
                    "provider": "provider.aws"
                },
                "aws_instance.Test_.1": {
                    "type": "aws_instance",
                    "depends_on": [
                        "aws_security_group.win16-sg",
                        "aws_subnet.subnet1"
                    ],
                    "primary": {
                        "id": "i-03de6369f260ae626",
                        "attributes": {
                            "ami": "ami-028779930ada5200c",
                            "arn": "arn:aws:ec2:us-east-2:140013795745:instance/i-03de6369f260ae626",
                            "associate_public_ip_address": "true",
                            "availability_zone": "us-east-2a",
                            "cpu_core_count": "1",
                            "cpu_threads_per_core": "1",
                            "credit_specification.#": "1",
                            "credit_specification.0.cpu_credits": "standard",
                            "disable_api_termination": "false",
                            "ebs_block_device.#": "0",
                            "ebs_optimized": "false",
                            "ephemeral_block_device.#": "0",
                            "get_password_data": "false",
                            "iam_instance_profile": "",
                            "id": "i-03de6369f260ae626",
                            "instance_state": "running",
                            "instance_type": "t2.micro",
                            "ipv6_addresses.#": "0",
                            "key_name": "AWS_2016_Buildv1",
                            "monitoring": "false",
                            "network_interface.#": "0",
                            "network_interface_id": "eni-0b6ccaa1c670116e1",
                            "password_data": "",
                            "placement_group": "",
                            "primary_network_interface_id": "eni-0b6ccaa1c670116e1",
                            "private_dns": "ip-10-199-0-170.us-east-2.compute.internal",
                            "private_ip": "10.199.0.170",
                            "public_dns": "ec2-18-191-178-115.us-east-2.compute.amazonaws.com",
                            "public_ip": "18.191.178.115",
                            "root_block_device.#": "1",
                            "root_block_device.0.delete_on_termination": "true",
                            "root_block_device.0.iops": "100",
                            "root_block_device.0.volume_id": "vol-0bf613237c11c575e",
                            "root_block_device.0.volume_size": "30",
                            "root_block_device.0.volume_type": "gp2",
                            "security_groups.#": "0",
                            "source_dest_check": "true",
                            "subnet_id": "subnet-0fe38228e22d458dd",
                            "tags.%": "1",
                            "tags.Name": "test-2",
                            "tenancy": "default",
                            "volume_tags.%": "0",
                            "vpc_security_group_ids.#": "1",
                            "vpc_security_group_ids.737827089": "sg-0829ab0ac4ed76686"
                        },
                        "meta": {
                            "e2bfb730-ecaa-11e6-8f88-34363bc7c4c0": {
                                "create": 600000000000,
                                "delete": 1200000000000,
                                "update": 600000000000
                            },
                            "schema_version": "1"
                        },
                        "tainted": false
                    },
                    "deposed": [],
                    "provider": "provider.aws"
                },
                "aws_instance.Test_.2": {
                    "type": "aws_instance",
                    "depends_on": [
                        "aws_security_group.win16-sg",
                        "aws_subnet.subnet1"
                    ],
                    "primary": {
                        "id": "i-01199b2cc7962ba56",
                        "attributes": {
                            "ami": "ami-028779930ada5200c",
                            "arn": "arn:aws:ec2:us-east-2:140013795745:instance/i-01199b2cc7962ba56",
                            "associate_public_ip_address": "true",
                            "availability_zone": "us-east-2a",
                            "cpu_core_count": "1",
                            "cpu_threads_per_core": "1",
                            "credit_specification.#": "1",
                            "credit_specification.0.cpu_credits": "standard",
                            "disable_api_termination": "false",
                            "ebs_block_device.#": "0",
                            "ebs_optimized": "false",
                            "ephemeral_block_device.#": "0",
                            "get_password_data": "false",
                            "iam_instance_profile": "",
                            "id": "i-01199b2cc7962ba56",
                            "instance_state": "running",
                            "instance_type": "t2.micro",
                            "ipv6_addresses.#": "0",
                            "key_name": "AWS_2016_Buildv1",
                            "monitoring": "false",
                            "network_interface.#": "0",
                            "network_interface_id": "eni-01bfaab3c87c02388",
                            "password_data": "",
                            "placement_group": "",
                            "primary_network_interface_id": "eni-01bfaab3c87c02388",
                            "private_dns": "ip-10-199-0-76.us-east-2.compute.internal",
                            "private_ip": "10.199.0.76",
                            "public_dns": "ec2-13-58-26-57.us-east-2.compute.amazonaws.com",
                            "public_ip": "13.58.26.57",
                            "root_block_device.#": "1",
                            "root_block_device.0.delete_on_termination": "true",
                            "root_block_device.0.iops": "100",
                            "root_block_device.0.volume_id": "vol-009e154604420009d",
                            "root_block_device.0.volume_size": "30",
                            "root_block_device.0.volume_type": "gp2",
                            "security_groups.#": "0",
                            "source_dest_check": "true",
                            "subnet_id": "subnet-0fe38228e22d458dd",
                            "tags.%": "1",
                            "tags.Name": "test-3",
                            "tenancy": "default",
                            "volume_tags.%": "0",
                            "vpc_security_group_ids.#": "1",
                            "vpc_security_group_ids.737827089": "sg-0829ab0ac4ed76686"
                        },
                        "meta": {
                            "e2bfb730-ecaa-11e6-8f88-34363bc7c4c0": {
                                "create": 600000000000,
                                "delete": 1200000000000,
                                "update": 600000000000
                            },
                            "schema_version": "1"
                        },
                        "tainted": false
                    },
                    "deposed": [],
                    "provider": "provider.aws"
                },
                "aws_internet_gateway.igw": {
                    "type": "aws_internet_gateway",
                    "depends_on": [
                        "aws_vpc.vpc"
                    ],
                    "primary": {
                        "id": "igw-0fa0e22e8bb4236a6",
                        "attributes": {
                            "id": "igw-0fa0e22e8bb4236a6",
                            "vpc_id": "vpc-058871d4e6de9ec9f"
                        },
                        "meta": {},
                        "tainted": false
                    },
                    "deposed": [],
                    "provider": "provider.aws"
                },
                "aws_route_table.rtb": {
                    "type": "aws_route_table",
                    "depends_on": [
                        "aws_internet_gateway.igw",
                        "aws_vpc.vpc"
                    ],
                    "primary": {
                        "id": "rtb-0599472384d3cac84",
                        "attributes": {
                            "id": "rtb-0599472384d3cac84",
                            "propagating_vgws.#": "0",
                            "route.#": "1",
                            "route.326660442.cidr_block": "0.0.0.0/0",
                            "route.326660442.egress_only_gateway_id": "",
                            "route.326660442.gateway_id": "igw-0fa0e22e8bb4236a6",
                            "route.326660442.instance_id": "",
                            "route.326660442.ipv6_cidr_block": "",
                            "route.326660442.nat_gateway_id": "",
                            "route.326660442.network_interface_id": "",
                            "route.326660442.vpc_peering_connection_id": "",
                            "tags.%": "0",
                            "vpc_id": "vpc-058871d4e6de9ec9f"
                        },
                        "meta": {},
                        "tainted": false
                    },
                    "deposed": [],
                    "provider": "provider.aws"
                },
                "aws_route_table_association.rta-subnet1": {
                    "type": "aws_route_table_association",
                    "depends_on": [
                        "aws_route_table.rtb",
                        "aws_subnet.subnet1"
                    ],
                    "primary": {
                        "id": "rtbassoc-04778f39f02bf60d2",
                        "attributes": {
                            "id": "rtbassoc-04778f39f02bf60d2",
                            "route_table_id": "rtb-0599472384d3cac84",
                            "subnet_id": "subnet-0fe38228e22d458dd"
                        },
                        "meta": {},
                        "tainted": false
                    },
                    "deposed": [],
                    "provider": "provider.aws"
                },
                "aws_route_table_association.rta-subnet2": {
                    "type": "aws_route_table_association",
                    "depends_on": [
                        "aws_route_table.rtb",
                        "aws_subnet.subnet2"
                    ],
                    "primary": {
                        "id": "rtbassoc-01f576c37fbd4eaac",
                        "attributes": {
                            "id": "rtbassoc-01f576c37fbd4eaac",
                            "route_table_id": "rtb-0599472384d3cac84",
                            "subnet_id": "subnet-0c1f7a78c73e738d4"
                        },
                        "meta": {},
                        "tainted": false
                    },
                    "deposed": [],
                    "provider": "provider.aws"
                },
                "aws_security_group.win16-sg": {
                    "type": "aws_security_group",
                    "depends_on": [
                        "aws_vpc.vpc"
                    ],
                    "primary": {
                        "id": "sg-0829ab0ac4ed76686",
                        "attributes": {
                            "arn": "arn:aws:ec2:us-east-2:140013795745:security-group/sg-0829ab0ac4ed76686",
                            "description": "Managed by Terraform",
                            "egress.#": "1",
                            "egress.482069346.cidr_blocks.#": "1",
                            "egress.482069346.cidr_blocks.0": "0.0.0.0/0",
                            "egress.482069346.description": "",
                            "egress.482069346.from_port": "0",
                            "egress.482069346.ipv6_cidr_blocks.#": "0",
                            "egress.482069346.prefix_list_ids.#": "0",
                            "egress.482069346.protocol": "-1",
                            "egress.482069346.security_groups.#": "0",
                            "egress.482069346.self": "false",
                            "egress.482069346.to_port": "0",
                            "id": "sg-0829ab0ac4ed76686",
                            "ingress.#": "3",
                            "ingress.2214680975.cidr_blocks.#": "1",
                            "ingress.2214680975.cidr_blocks.0": "0.0.0.0/0",
                            "ingress.2214680975.description": "",
                            "ingress.2214680975.from_port": "80",
                            "ingress.2214680975.ipv6_cidr_blocks.#": "0",
                            "ingress.2214680975.prefix_list_ids.#": "0",
                            "ingress.2214680975.protocol": "tcp",
                            "ingress.2214680975.security_groups.#": "0",
                            "ingress.2214680975.self": "false",
                            "ingress.2214680975.to_port": "80",
                            "ingress.2223400681.cidr_blocks.#": "1",
                            "ingress.2223400681.cidr_blocks.0": "0.0.0.0/0",
                            "ingress.2223400681.description": "",
                            "ingress.2223400681.from_port": "3389",
                            "ingress.2223400681.ipv6_cidr_blocks.#": "0",
                            "ingress.2223400681.prefix_list_ids.#": "0",
                            "ingress.2223400681.protocol": "tcp",
                            "ingress.2223400681.security_groups.#": "0",
                            "ingress.2223400681.self": "false",
                            "ingress.2223400681.to_port": "3389",
                            "ingress.2541437006.cidr_blocks.#": "1",
                            "ingress.2541437006.cidr_blocks.0": "0.0.0.0/0",
                            "ingress.2541437006.description": "",
                            "ingress.2541437006.from_port": "22",
                            "ingress.2541437006.ipv6_cidr_blocks.#": "0",
                            "ingress.2541437006.prefix_list_ids.#": "0",
                            "ingress.2541437006.protocol": "tcp",
                            "ingress.2541437006.security_groups.#": "0",
                            "ingress.2541437006.self": "false",
                            "ingress.2541437006.to_port": "22",
                            "name": "win16_sg",
                            "owner_id": "140013795745",
                            "revoke_rules_on_delete": "false",
                            "tags.%": "0",
                            "vpc_id": "vpc-058871d4e6de9ec9f"
                        },
                        "meta": {
                            "e2bfb730-ecaa-11e6-8f88-34363bc7c4c0": {
                                "create": 600000000000,
                                "delete": 600000000000
                            },
                            "schema_version": "1"
                        },
                        "tainted": false
                    },
                    "deposed": [],
                    "provider": "provider.aws"
                },
                "aws_subnet.subnet1": {
                    "type": "aws_subnet",
                    "depends_on": [
                        "aws_vpc.vpc",
                        "data.aws_availability_zones.available"
                    ],
                    "primary": {
                        "id": "subnet-0fe38228e22d458dd",
                        "attributes": {
                            "arn": "arn:aws:ec2:us-east-2:140013795745:subnet/subnet-0fe38228e22d458dd",
                            "assign_ipv6_address_on_creation": "false",
                            "availability_zone": "us-east-2a",
                            "cidr_block": "10.199.0.0/24",
                            "id": "subnet-0fe38228e22d458dd",
                            "map_public_ip_on_launch": "true",
                            "tags.%": "0",
                            "vpc_id": "vpc-058871d4e6de9ec9f"
                        },
                        "meta": {
                            "e2bfb730-ecaa-11e6-8f88-34363bc7c4c0": {
                                "create": 600000000000,
                                "delete": 600000000000
                            },
                            "schema_version": "1"
                        },
                        "tainted": false
                    },
                    "deposed": [],
                    "provider": "provider.aws"
                },
                "aws_subnet.subnet2": {
                    "type": "aws_subnet",
                    "depends_on": [
                        "aws_vpc.vpc",
                        "data.aws_availability_zones.available"
                    ],
                    "primary": {
                        "id": "subnet-0c1f7a78c73e738d4",
                        "attributes": {
                            "arn": "arn:aws:ec2:us-east-2:140013795745:subnet/subnet-0c1f7a78c73e738d4",
                            "assign_ipv6_address_on_creation": "false",
                            "availability_zone": "us-east-2b",
                            "cidr_block": "10.199.1.0/24",
                            "id": "subnet-0c1f7a78c73e738d4",
                            "map_public_ip_on_launch": "true",
                            "tags.%": "0",
                            "vpc_id": "vpc-058871d4e6de9ec9f"
                        },
                        "meta": {
                            "e2bfb730-ecaa-11e6-8f88-34363bc7c4c0": {
                                "create": 600000000000,
                                "delete": 600000000000
                            },
                            "schema_version": "1"
                        },
                        "tainted": false
                    },
                    "deposed": [],
                    "provider": "provider.aws"
                },
                "aws_vpc.vpc": {
                    "type": "aws_vpc",
                    "depends_on": [],
                    "primary": {
                        "id": "vpc-058871d4e6de9ec9f",
                        "attributes": {
                            "arn": "arn:aws:ec2:us-east-2:140013795745:vpc/vpc-058871d4e6de9ec9f",
                            "assign_generated_ipv6_cidr_block": "false",
                            "cidr_block": "10.199.0.0/16",
                            "default_network_acl_id": "acl-0367c98e1abeabbcb",
                            "default_route_table_id": "rtb-033a036a0dedea315",
                            "default_security_group_id": "sg-02d5e3d1b3ba9bfc9",
                            "dhcp_options_id": "dopt-703a2318",
                            "enable_dns_hostnames": "true",
                            "enable_dns_support": "true",
                            "id": "vpc-058871d4e6de9ec9f",
                            "instance_tenancy": "default",
                            "main_route_table_id": "rtb-033a036a0dedea315",
                            "tags.%": "0"
                        },
                        "meta": {
                            "schema_version": "1"
                        },
                        "tainted": false
                    },
                    "deposed": [],
                    "provider": "provider.aws"
                },
                "data.aws_availability_zones.available": {
                    "type": "aws_availability_zones",
                    "depends_on": [],
                    "primary": {
                        "id": "2018-11-10 04:22:02.2978631 +0000 UTC",
                        "attributes": {
                            "id": "2018-11-10 04:22:02.2978631 +0000 UTC",
                            "names.#": "3",
                            "names.0": "us-east-2a",
                            "names.1": "us-east-2b",
                            "names.2": "us-east-2c"
                        },
                        "meta": {},
                        "tainted": false
                    },
                    "deposed": [],
                    "provider": "provider.aws"
                }
            },
            "depends_on": []
        }
    ]
}
