{
    "version": 3,
    "terraform_version": "0.11.10",
    "serial": 24,
    "lineage": "74bacc26-68d8-5e56-4356-4b0c3fff948b",
    "modules": [
        {
            "path": [
                "root"
            ],
            "outputs": {},
            "resources": {
                "aws_instance.example.0": {
                    "type": "aws_instance",
                    "depends_on": [
                        "aws_security_group.win16-sg",
                        "aws_subnet.subnet1"
                    ],
                    "primary": {
                        "id": "i-0f151339624710a54",
                        "attributes": {
                            "ami": "ami-028779930ada5200c",
                            "arn": "arn:aws:ec2:us-east-2:140013795745:instance/i-0f151339624710a54",
                            "associate_public_ip_address": "true",
                            "availability_zone": "us-east-2a",
                            "cpu_core_count": "1",
                            "cpu_threads_per_core": "1",
                            "credit_specification.#": "1",
                            "credit_specification.0.cpu_credits": "standard",
                            "disable_api_termination": "false",
                            "ebs_block_device.#": "0",
                            "ebs_optimized": "false",
                            "ephemeral_block_device.#": "0",
                            "get_password_data": "false",
                            "iam_instance_profile": "",
                            "id": "i-0f151339624710a54",
                            "instance_state": "running",
                            "instance_type": "t2.micro",
                            "ipv6_addresses.#": "0",
                            "key_name": "AWS_2016_Buildv1",
                            "monitoring": "false",
                            "network_interface.#": "0",
                            "network_interface_id": "eni-0689d76f9d0e99ba4",
                            "password_data": "",
                            "placement_group": "",
                            "primary_network_interface_id": "eni-0689d76f9d0e99ba4",
                            "private_dns": "ip-10-199-0-247.us-east-2.compute.internal",
                            "private_ip": "10.199.0.247",
                            "public_dns": "ec2-18-218-155-225.us-east-2.compute.amazonaws.com",
                            "public_ip": "18.218.155.225",
                            "root_block_device.#": "1",
                            "root_block_device.0.delete_on_termination": "true",
                            "root_block_device.0.iops": "100",
                            "root_block_device.0.volume_id": "vol-02cbb0a77ebfbf2bb",
                            "root_block_device.0.volume_size": "30",
                            "root_block_device.0.volume_type": "gp2",
                            "security_groups.#": "0",
                            "source_dest_check": "true",
                            "subnet_id": "subnet-014b41e3517d64807",
                            "tags.%": "2",
                            "tags.Name": "DEV_BUILD_TEST01",
                            "tags.Use": "TestServer01",
                            "tenancy": "default",
                            "volume_tags.%": "0",
                            "vpc_security_group_ids.#": "1",
                            "vpc_security_group_ids.3106048789": "sg-048d808952a1cab20"
                        },
                        "meta": {
                            "e2bfb730-ecaa-11e6-8f88-34363bc7c4c0": {
                                "create": 600000000000,
                                "delete": 1200000000000,
                                "update": 600000000000
                            },
                            "schema_version": "1"
                        },
                        "tainted": false
                    },
                    "deposed": [],
                    "provider": "provider.aws"
                },
                "aws_instance.example.1": {
                    "type": "aws_instance",
                    "depends_on": [
                        "aws_security_group.win16-sg",
                        "aws_subnet.subnet1"
                    ],
                    "primary": {
                        "id": "i-09fc9899dd50428a9",
                        "attributes": {
                            "ami": "ami-028779930ada5200c",
                            "arn": "arn:aws:ec2:us-east-2:140013795745:instance/i-09fc9899dd50428a9",
                            "associate_public_ip_address": "true",
                            "availability_zone": "us-east-2a",
                            "cpu_core_count": "1",
                            "cpu_threads_per_core": "1",
                            "credit_specification.#": "1",
                            "credit_specification.0.cpu_credits": "standard",
                            "disable_api_termination": "false",
                            "ebs_block_device.#": "0",
                            "ebs_optimized": "false",
                            "ephemeral_block_device.#": "0",
                            "get_password_data": "false",
                            "iam_instance_profile": "",
                            "id": "i-09fc9899dd50428a9",
                            "instance_state": "running",
                            "instance_type": "t2.micro",
                            "ipv6_addresses.#": "0",
                            "key_name": "AWS_2016_Buildv1",
                            "monitoring": "false",
                            "network_interface.#": "0",
                            "network_interface_id": "eni-031f1b92e6017e5bc",
                            "password_data": "",
                            "placement_group": "",
                            "primary_network_interface_id": "eni-031f1b92e6017e5bc",
                            "private_dns": "ip-10-199-0-213.us-east-2.compute.internal",
                            "private_ip": "10.199.0.213",
                            "public_dns": "ec2-18-191-139-36.us-east-2.compute.amazonaws.com",
                            "public_ip": "18.191.139.36",
                            "root_block_device.#": "1",
                            "root_block_device.0.delete_on_termination": "true",
                            "root_block_device.0.iops": "100",
                            "root_block_device.0.volume_id": "vol-08436ef70a650f59d",
                            "root_block_device.0.volume_size": "30",
                            "root_block_device.0.volume_type": "gp2",
                            "security_groups.#": "0",
                            "source_dest_check": "true",
                            "subnet_id": "subnet-014b41e3517d64807",
                            "tags.%": "2",
                            "tags.Name": "DEV_BUILD_TEST01",
                            "tags.Use": "TestServer01",
                            "tenancy": "default",
                            "volume_tags.%": "0",
                            "vpc_security_group_ids.#": "1",
                            "vpc_security_group_ids.3106048789": "sg-048d808952a1cab20"
                        },
                        "meta": {
                            "e2bfb730-ecaa-11e6-8f88-34363bc7c4c0": {
                                "create": 600000000000,
                                "delete": 1200000000000,
                                "update": 600000000000
                            },
                            "schema_version": "1"
                        },
                        "tainted": false
                    },
                    "deposed": [],
                    "provider": "provider.aws"
                },
                "aws_instance.example.2": {
                    "type": "aws_instance",
                    "depends_on": [
                        "aws_security_group.win16-sg",
                        "aws_subnet.subnet1"
                    ],
                    "primary": {
                        "id": "i-0a67317c417246de7",
                        "attributes": {
                            "ami": "ami-028779930ada5200c",
                            "arn": "arn:aws:ec2:us-east-2:140013795745:instance/i-0a67317c417246de7",
                            "associate_public_ip_address": "true",
                            "availability_zone": "us-east-2a",
                            "cpu_core_count": "1",
                            "cpu_threads_per_core": "1",
                            "credit_specification.#": "1",
                            "credit_specification.0.cpu_credits": "standard",
                            "disable_api_termination": "false",
                            "ebs_block_device.#": "0",
                            "ebs_optimized": "false",
                            "ephemeral_block_device.#": "0",
                            "get_password_data": "false",
                            "iam_instance_profile": "",
                            "id": "i-0a67317c417246de7",
                            "instance_state": "running",
                            "instance_type": "t2.micro",
                            "ipv6_addresses.#": "0",
                            "key_name": "AWS_2016_Buildv1",
                            "monitoring": "false",
                            "network_interface.#": "0",
                            "network_interface_id": "eni-0657d462cd87fc0c2",
                            "password_data": "",
                            "placement_group": "",
                            "primary_network_interface_id": "eni-0657d462cd87fc0c2",
                            "private_dns": "ip-10-199-0-151.us-east-2.compute.internal",
                            "private_ip": "10.199.0.151",
                            "public_dns": "ec2-18-216-181-107.us-east-2.compute.amazonaws.com",
                            "public_ip": "18.216.181.107",
                            "root_block_device.#": "1",
                            "root_block_device.0.delete_on_termination": "true",
                            "root_block_device.0.iops": "100",
                            "root_block_device.0.volume_id": "vol-0843cf97d7491ca30",
                            "root_block_device.0.volume_size": "30",
                            "root_block_device.0.volume_type": "gp2",
                            "security_groups.#": "0",
                            "source_dest_check": "true",
                            "subnet_id": "subnet-014b41e3517d64807",
                            "tags.%": "2",
                            "tags.Name": "DEV_BUILD_TEST01",
                            "tags.Use": "TestServer01",
                            "tenancy": "default",
                            "volume_tags.%": "0",
                            "vpc_security_group_ids.#": "1",
                            "vpc_security_group_ids.3106048789": "sg-048d808952a1cab20"
                        },
                        "meta": {
                            "e2bfb730-ecaa-11e6-8f88-34363bc7c4c0": {
                                "create": 600000000000,
                                "delete": 1200000000000,
                                "update": 600000000000
                            },
                            "schema_version": "1"
                        },
                        "tainted": false
                    },
                    "deposed": [],
                    "provider": "provider.aws"
                },
                "aws_internet_gateway.igw": {
                    "type": "aws_internet_gateway",
                    "depends_on": [
                        "aws_vpc.vpc"
                    ],
                    "primary": {
                        "id": "igw-0b8f8671fef3ecee5",
                        "attributes": {
                            "id": "igw-0b8f8671fef3ecee5",
                            "vpc_id": "vpc-00086182a8acd8ecf"
                        },
                        "meta": {},
                        "tainted": false
                    },
                    "deposed": [],
                    "provider": "provider.aws"
                },
                "aws_route_table.rtb": {
                    "type": "aws_route_table",
                    "depends_on": [
                        "aws_internet_gateway.igw",
                        "aws_vpc.vpc"
                    ],
                    "primary": {
                        "id": "rtb-04d0140ca4b777267",
                        "attributes": {
                            "id": "rtb-04d0140ca4b777267",
                            "propagating_vgws.#": "0",
                            "route.#": "1",
                            "route.890022808.cidr_block": "0.0.0.0/0",
                            "route.890022808.egress_only_gateway_id": "",
                            "route.890022808.gateway_id": "igw-0b8f8671fef3ecee5",
                            "route.890022808.instance_id": "",
                            "route.890022808.ipv6_cidr_block": "",
                            "route.890022808.nat_gateway_id": "",
                            "route.890022808.network_interface_id": "",
                            "route.890022808.vpc_peering_connection_id": "",
                            "tags.%": "0",
                            "vpc_id": "vpc-00086182a8acd8ecf"
                        },
                        "meta": {},
                        "tainted": false
                    },
                    "deposed": [],
                    "provider": "provider.aws"
                },
                "aws_route_table_association.rta-subnet1": {
                    "type": "aws_route_table_association",
                    "depends_on": [
                        "aws_route_table.rtb",
                        "aws_subnet.subnet1"
                    ],
                    "primary": {
                        "id": "rtbassoc-0eb196fa485b8613d",
                        "attributes": {
                            "id": "rtbassoc-0eb196fa485b8613d",
                            "route_table_id": "rtb-04d0140ca4b777267",
                            "subnet_id": "subnet-014b41e3517d64807"
                        },
                        "meta": {},
                        "tainted": false
                    },
                    "deposed": [],
                    "provider": "provider.aws"
                },
                "aws_route_table_association.rta-subnet2": {
                    "type": "aws_route_table_association",
                    "depends_on": [
                        "aws_route_table.rtb",
                        "aws_subnet.subnet2"
                    ],
                    "primary": {
                        "id": "rtbassoc-0ac87e69c735c746f",
                        "attributes": {
                            "id": "rtbassoc-0ac87e69c735c746f",
                            "route_table_id": "rtb-04d0140ca4b777267",
                            "subnet_id": "subnet-0c5d50bfbd8a6186c"
                        },
                        "meta": {},
                        "tainted": false
                    },
                    "deposed": [],
                    "provider": "provider.aws"
                },
                "aws_security_group.win16-sg": {
                    "type": "aws_security_group",
                    "depends_on": [
                        "aws_vpc.vpc"
                    ],
                    "primary": {
                        "id": "sg-048d808952a1cab20",
                        "attributes": {
                            "arn": "arn:aws:ec2:us-east-2:140013795745:security-group/sg-048d808952a1cab20",
                            "description": "Managed by Terraform",
                            "egress.#": "1",
                            "egress.482069346.cidr_blocks.#": "1",
                            "egress.482069346.cidr_blocks.0": "0.0.0.0/0",
                            "egress.482069346.description": "",
                            "egress.482069346.from_port": "0",
                            "egress.482069346.ipv6_cidr_blocks.#": "0",
                            "egress.482069346.prefix_list_ids.#": "0",
                            "egress.482069346.protocol": "-1",
                            "egress.482069346.security_groups.#": "0",
                            "egress.482069346.self": "false",
                            "egress.482069346.to_port": "0",
                            "id": "sg-048d808952a1cab20",
                            "ingress.#": "3",
                            "ingress.2214680975.cidr_blocks.#": "1",
                            "ingress.2214680975.cidr_blocks.0": "0.0.0.0/0",
                            "ingress.2214680975.description": "",
                            "ingress.2214680975.from_port": "80",
                            "ingress.2214680975.ipv6_cidr_blocks.#": "0",
                            "ingress.2214680975.prefix_list_ids.#": "0",
                            "ingress.2214680975.protocol": "tcp",
                            "ingress.2214680975.security_groups.#": "0",
                            "ingress.2214680975.self": "false",
                            "ingress.2214680975.to_port": "80",
                            "ingress.2223400681.cidr_blocks.#": "1",
                            "ingress.2223400681.cidr_blocks.0": "0.0.0.0/0",
                            "ingress.2223400681.description": "",
                            "ingress.2223400681.from_port": "3389",
                            "ingress.2223400681.ipv6_cidr_blocks.#": "0",
                            "ingress.2223400681.prefix_list_ids.#": "0",
                            "ingress.2223400681.protocol": "tcp",
                            "ingress.2223400681.security_groups.#": "0",
                            "ingress.2223400681.self": "false",
                            "ingress.2223400681.to_port": "3389",
                            "ingress.2541437006.cidr_blocks.#": "1",
                            "ingress.2541437006.cidr_blocks.0": "0.0.0.0/0",
                            "ingress.2541437006.description": "",
                            "ingress.2541437006.from_port": "22",
                            "ingress.2541437006.ipv6_cidr_blocks.#": "0",
                            "ingress.2541437006.prefix_list_ids.#": "0",
                            "ingress.2541437006.protocol": "tcp",
                            "ingress.2541437006.security_groups.#": "0",
                            "ingress.2541437006.self": "false",
                            "ingress.2541437006.to_port": "22",
                            "name": "win16_sg",
                            "owner_id": "140013795745",
                            "revoke_rules_on_delete": "false",
                            "tags.%": "0",
                            "vpc_id": "vpc-00086182a8acd8ecf"
                        },
                        "meta": {
                            "e2bfb730-ecaa-11e6-8f88-34363bc7c4c0": {
                                "create": 600000000000,
                                "delete": 600000000000
                            },
                            "schema_version": "1"
                        },
                        "tainted": false
                    },
                    "deposed": [],
                    "provider": "provider.aws"
                },
                "aws_subnet.subnet1": {
                    "type": "aws_subnet",
                    "depends_on": [
                        "aws_vpc.vpc",
                        "data.aws_availability_zones.available"
                    ],
                    "primary": {
                        "id": "subnet-014b41e3517d64807",
                        "attributes": {
                            "arn": "arn:aws:ec2:us-east-2:140013795745:subnet/subnet-014b41e3517d64807",
                            "assign_ipv6_address_on_creation": "false",
                            "availability_zone": "us-east-2a",
                            "cidr_block": "10.199.0.0/24",
                            "id": "subnet-014b41e3517d64807",
                            "map_public_ip_on_launch": "true",
                            "tags.%": "0",
                            "vpc_id": "vpc-00086182a8acd8ecf"
                        },
                        "meta": {
                            "e2bfb730-ecaa-11e6-8f88-34363bc7c4c0": {
                                "create": 600000000000,
                                "delete": 600000000000
                            },
                            "schema_version": "1"
                        },
                        "tainted": false
                    },
                    "deposed": [],
                    "provider": "provider.aws"
                },
                "aws_subnet.subnet2": {
                    "type": "aws_subnet",
                    "depends_on": [
                        "aws_vpc.vpc",
                        "data.aws_availability_zones.available"
                    ],
                    "primary": {
                        "id": "subnet-0c5d50bfbd8a6186c",
                        "attributes": {
                            "arn": "arn:aws:ec2:us-east-2:140013795745:subnet/subnet-0c5d50bfbd8a6186c",
                            "assign_ipv6_address_on_creation": "false",
                            "availability_zone": "us-east-2b",
                            "cidr_block": "10.199.1.0/24",
                            "id": "subnet-0c5d50bfbd8a6186c",
                            "map_public_ip_on_launch": "true",
                            "tags.%": "0",
                            "vpc_id": "vpc-00086182a8acd8ecf"
                        },
                        "meta": {
                            "e2bfb730-ecaa-11e6-8f88-34363bc7c4c0": {
                                "create": 600000000000,
                                "delete": 600000000000
                            },
                            "schema_version": "1"
                        },
                        "tainted": false
                    },
                    "deposed": [],
                    "provider": "provider.aws"
                },
                "aws_vpc.vpc": {
                    "type": "aws_vpc",
                    "depends_on": [],
                    "primary": {
                        "id": "vpc-00086182a8acd8ecf",
                        "attributes": {
                            "arn": "arn:aws:ec2:us-east-2:140013795745:vpc/vpc-00086182a8acd8ecf",
                            "assign_generated_ipv6_cidr_block": "false",
                            "cidr_block": "10.199.0.0/16",
                            "default_network_acl_id": "acl-0a6f2c8a7922cb889",
                            "default_route_table_id": "rtb-0299778efce936a88",
                            "default_security_group_id": "sg-078771f9c4fdc5fb1",
                            "dhcp_options_id": "dopt-703a2318",
                            "enable_dns_hostnames": "true",
                            "enable_dns_support": "true",
                            "id": "vpc-00086182a8acd8ecf",
                            "instance_tenancy": "default",
                            "main_route_table_id": "rtb-0299778efce936a88",
                            "tags.%": "0"
                        },
                        "meta": {
                            "schema_version": "1"
                        },
                        "tainted": false
                    },
                    "deposed": [],
                    "provider": "provider.aws"
                },
                "data.aws_availability_zones.available": {
                    "type": "aws_availability_zones",
                    "depends_on": [],
                    "primary": {
                        "id": "2018-11-10 04:06:09.3689533 +0000 UTC",
                        "attributes": {
                            "id": "2018-11-10 04:06:09.3689533 +0000 UTC",
                            "names.#": "3",
                            "names.0": "us-east-2a",
                            "names.1": "us-east-2b",
                            "names.2": "us-east-2c"
                        },
                        "meta": {},
                        "tainted": false
                    },
                    "deposed": [],
                    "provider": "provider.aws"
                }
            },
            "depends_on": []
        }
    ]
}
