{
    "version": 3,
    "terraform_version": "0.11.10",
    "serial": 2,
    "lineage": "8b0b596f-055a-65d7-a3c7-bb674e150395",
    "modules": [
        {
            "path": [
                "root"
            ],
            "outputs": {},
            "resources": {
                "aws_instance.Dev_Build_TEST01": {
                    "type": "aws_instance",
                    "depends_on": [],
                    "primary": {
                        "id": "i-0f43affe63c41b196",
                        "attributes": {
                            "ami": "ami-0e28ec6753aeec976",
                            "arn": "arn:aws:ec2:us-east-2:361027624568:instance/i-0f43affe63c41b196",
                            "associate_public_ip_address": "true",
                            "availability_zone": "us-east-2b",
                            "cpu_core_count": "1",
                            "cpu_threads_per_core": "1",
                            "credit_specification.#": "1",
                            "credit_specification.0.cpu_credits": "standard",
                            "disable_api_termination": "false",
                            "ebs_block_device.#": "0",
                            "ebs_optimized": "false",
                            "ephemeral_block_device.#": "0",
                            "get_password_data": "false",
                            "iam_instance_profile": "",
                            "id": "i-0f43affe63c41b196",
                            "instance_state": "running",
                            "instance_type": "t2.micro",
                            "ipv6_addresses.#": "0",
                            "key_name": "",
                            "monitoring": "false",
                            "network_interface.#": "0",
                            "network_interface_id": "eni-038452cd05b1c0ca8",
                            "password_data": "",
                            "placement_group": "",
                            "primary_network_interface_id": "eni-038452cd05b1c0ca8",
                            "private_dns": "ip-172-31-24-16.us-east-2.compute.internal",
                            "private_ip": "172.31.24.16",
                            "public_dns": "ec2-18-224-15-211.us-east-2.compute.amazonaws.com",
                            "public_ip": "18.224.15.211",
                            "root_block_device.#": "1",
                            "root_block_device.0.delete_on_termination": "true",
                            "root_block_device.0.iops": "135",
                            "root_block_device.0.volume_id": "vol-0f3b28fafd37d003c",
                            "root_block_device.0.volume_size": "45",
                            "root_block_device.0.volume_type": "gp2",
                            "security_groups.#": "1",
                            "security_groups.3814588639": "default",
                            "source_dest_check": "true",
                            "subnet_id": "subnet-c13ea5bb",
                            "tags.%": "2",
                            "tags.Name": "DEV_BUILD_TEST01",
                            "tags.Use": "TestServer01",
                            "tenancy": "default",
                            "volume_tags.%": "0",
                            "vpc_security_group_ids.#": "1",
                            "vpc_security_group_ids.2600925646": "sg-3525dd59"
                        },
                        "meta": {
                            "e2bfb730-ecaa-11e6-8f88-34363bc7c4c0": {
                                "create": 600000000000,
                                "delete": 1200000000000,
                                "update": 600000000000
                            },
                            "schema_version": "1"
                        },
                        "tainted": false
                    },
                    "deposed": [],
                    "provider": "provider.aws"
                },
                "aws_instance.Dev_Build_TEST02": {
                    "type": "aws_instance",
                    "depends_on": [],
                    "primary": {
                        "id": "i-03ae5977fbb32e807",
                        "attributes": {
                            "ami": "ami-0e28ec6753aeec976",
                            "arn": "arn:aws:ec2:us-east-2:361027624568:instance/i-03ae5977fbb32e807",
                            "associate_public_ip_address": "true",
                            "availability_zone": "us-east-2b",
                            "cpu_core_count": "1",
                            "cpu_threads_per_core": "1",
                            "credit_specification.#": "1",
                            "credit_specification.0.cpu_credits": "standard",
                            "disable_api_termination": "false",
                            "ebs_block_device.#": "0",
                            "ebs_optimized": "false",
                            "ephemeral_block_device.#": "0",
                            "get_password_data": "false",
                            "iam_instance_profile": "",
                            "id": "i-03ae5977fbb32e807",
                            "instance_state": "running",
                            "instance_type": "t2.micro",
                            "ipv6_addresses.#": "0",
                            "key_name": "",
                            "monitoring": "false",
                            "network_interface.#": "0",
                            "network_interface_id": "eni-0fc59e9d68aac6629",
                            "password_data": "",
                            "placement_group": "",
                            "primary_network_interface_id": "eni-0fc59e9d68aac6629",
                            "private_dns": "ip-172-31-24-37.us-east-2.compute.internal",
                            "private_ip": "172.31.24.37",
                            "public_dns": "ec2-18-220-58-75.us-east-2.compute.amazonaws.com",
                            "public_ip": "18.220.58.75",
                            "root_block_device.#": "1",
                            "root_block_device.0.delete_on_termination": "true",
                            "root_block_device.0.iops": "135",
                            "root_block_device.0.volume_id": "vol-0ce8354f9c2c80a36",
                            "root_block_device.0.volume_size": "45",
                            "root_block_device.0.volume_type": "gp2",
                            "security_groups.#": "1",
                            "security_groups.3814588639": "default",
                            "source_dest_check": "true",
                            "subnet_id": "subnet-c13ea5bb",
                            "tags.%": "2",
                            "tags.Name": "DEV_BUILD_TEST02",
                            "tags.Use": "TestServer01",
                            "tenancy": "default",
                            "volume_tags.%": "0",
                            "vpc_security_group_ids.#": "1",
                            "vpc_security_group_ids.2600925646": "sg-3525dd59"
                        },
                        "meta": {
                            "e2bfb730-ecaa-11e6-8f88-34363bc7c4c0": {
                                "create": 600000000000,
                                "delete": 1200000000000,
                                "update": 600000000000
                            },
                            "schema_version": "1"
                        },
                        "tainted": false
                    },
                    "deposed": [],
                    "provider": "provider.aws"
                }
            },
            "depends_on": []
        }
    ]
}
