{
    "version": 3,
    "terraform_version": "0.11.10",
    "serial": 9,
    "lineage": "102bde14-48e2-fefc-ea17-154a16399c37",
    "modules": [
        {
            "path": [
                "root"
            ],
            "outputs": {},
            "resources": {
                "aws_instance.Dev_Build_TEST01": {
                    "type": "aws_instance",
                    "depends_on": [],
                    "primary": {
                        "id": "i-0fbd449aa27b6400a",
                        "attributes": {
                            "ami": "ami-0e28ec6753aeec976",
                            "arn": "arn:aws:ec2:us-east-2:361027624568:instance/i-0fbd449aa27b6400a",
                            "associate_public_ip_address": "true",
                            "availability_zone": "us-east-2b",
                            "cpu_core_count": "1",
                            "cpu_threads_per_core": "1",
                            "credit_specification.#": "1",
                            "credit_specification.0.cpu_credits": "standard",
                            "disable_api_termination": "false",
                            "ebs_block_device.#": "0",
                            "ebs_optimized": "false",
                            "ephemeral_block_device.#": "0",
                            "get_password_data": "false",
                            "iam_instance_profile": "",
                            "id": "i-0fbd449aa27b6400a",
                            "instance_state": "running",
                            "instance_type": "t2.micro",
                            "ipv6_addresses.#": "0",
                            "key_name": "",
                            "monitoring": "false",
                            "network_interface.#": "0",
                            "network_interface_id": "eni-04b61c0d18b8e23cb",
                            "password_data": "",
                            "placement_group": "",
                            "primary_network_interface_id": "eni-04b61c0d18b8e23cb",
                            "private_dns": "ip-172-31-23-3.us-east-2.compute.internal",
                            "private_ip": "172.31.23.3",
                            "public_dns": "ec2-18-216-36-76.us-east-2.compute.amazonaws.com",
                            "public_ip": "18.216.36.76",
                            "root_block_device.#": "1",
                            "root_block_device.0.delete_on_termination": "true",
                            "root_block_device.0.iops": "135",
                            "root_block_device.0.volume_id": "vol-0d6646aeecba2f82c",
                            "root_block_device.0.volume_size": "45",
                            "root_block_device.0.volume_type": "gp2",
                            "security_groups.#": "1",
                            "security_groups.3814588639": "default",
                            "source_dest_check": "true",
                            "subnet_id": "subnet-c13ea5bb",
                            "tags.%": "2",
                            "tags.Name": "DEV_BUILD_TEST01",
                            "tags.Use": "TestServer01",
                            "tenancy": "default",
                            "volume_tags.%": "0",
                            "vpc_security_group_ids.#": "1",
                            "vpc_security_group_ids.2600925646": "sg-3525dd59"
                        },
                        "meta": {
                            "e2bfb730-ecaa-11e6-8f88-34363bc7c4c0": {
                                "create": 600000000000,
                                "delete": 1200000000000,
                                "update": 600000000000
                            },
                            "schema_version": "1"
                        },
                        "tainted": false
                    },
                    "deposed": [],
                    "provider": "provider.aws"
                },
                "aws_instance.Dev_Build_TEST02": {
                    "type": "aws_instance",
                    "depends_on": [],
                    "primary": {
                        "id": "i-052c01569fa85ca5b",
                        "attributes": {
                            "ami": "ami-0e28ec6753aeec976",
                            "arn": "arn:aws:ec2:us-east-2:361027624568:instance/i-052c01569fa85ca5b",
                            "associate_public_ip_address": "true",
                            "availability_zone": "us-east-2b",
                            "cpu_core_count": "1",
                            "cpu_threads_per_core": "1",
                            "credit_specification.#": "1",
                            "credit_specification.0.cpu_credits": "standard",
                            "disable_api_termination": "false",
                            "ebs_block_device.#": "0",
                            "ebs_optimized": "false",
                            "ephemeral_block_device.#": "0",
                            "get_password_data": "false",
                            "iam_instance_profile": "",
                            "id": "i-052c01569fa85ca5b",
                            "instance_state": "running",
                            "instance_type": "t2.micro",
                            "ipv6_addresses.#": "0",
                            "key_name": "",
                            "monitoring": "false",
                            "network_interface.#": "0",
                            "network_interface_id": "eni-0dec9f10cb80bf3dc",
                            "password_data": "",
                            "placement_group": "",
                            "primary_network_interface_id": "eni-0dec9f10cb80bf3dc",
                            "private_dns": "ip-172-31-23-165.us-east-2.compute.internal",
                            "private_ip": "172.31.23.165",
                            "public_dns": "ec2-18-220-35-16.us-east-2.compute.amazonaws.com",
                            "public_ip": "18.220.35.16",
                            "root_block_device.#": "1",
                            "root_block_device.0.delete_on_termination": "true",
                            "root_block_device.0.iops": "135",
                            "root_block_device.0.volume_id": "vol-036ac1bef714569fe",
                            "root_block_device.0.volume_size": "45",
                            "root_block_device.0.volume_type": "gp2",
                            "security_groups.#": "1",
                            "security_groups.3814588639": "default",
                            "source_dest_check": "true",
                            "subnet_id": "subnet-c13ea5bb",
                            "tags.%": "2",
                            "tags.Name": "DEV_BUILD_TEST02",
                            "tags.Use": "TestServer02",
                            "tenancy": "default",
                            "volume_tags.%": "0",
                            "vpc_security_group_ids.#": "1",
                            "vpc_security_group_ids.2600925646": "sg-3525dd59"
                        },
                        "meta": {
                            "e2bfb730-ecaa-11e6-8f88-34363bc7c4c0": {
                                "create": 600000000000,
                                "delete": 1200000000000,
                                "update": 600000000000
                            },
                            "schema_version": "1"
                        },
                        "tainted": false
                    },
                    "deposed": [],
                    "provider": "provider.aws"
                }
            },
            "depends_on": []
        }
    ]
}
